
Microsoft Visual Studio Solution File, Format Version 12.00
# Visual Studio 15
VisualStudioVersion = 15.0.27428.2043
MinimumVisualStudioVersion = 10.0.40219.1
Project("{FAE04EC0-301F-11D3-BF4B-00C04F79EFBC}") = "Arraylistcalculator", "Arraylistcalculator\Arraylistcalculator.csproj", "{04DD0062-EC58-4A63-A82F-6CC7A1894F27}"
EndProject
Global
	GlobalSection(SolutionConfigurationPlatforms) = preSolution
		Debug|Any CPU = Debug|Any CPU
		Release|Any CPU = Release|Any CPU
	EndGlobalSection
	GlobalSection(ProjectConfigurationPlatforms) = postSolution
		{04DD0062-EC58-4A63-A82F-6CC7A1894F27}.Debug|Any CPU.ActiveCfg = Debug|Any CPU
		{04DD0062-EC58-4A63-A82F-6CC7A1894F27}.Debug|Any CPU.Build.0 = Debug|Any CPU
		{04DD0062-EC58-4A63-A82F-6CC7A1894F27}.Release|Any CPU.ActiveCfg = Release|Any CPU
		{04DD0062-EC58-4A63-A82F-6CC7A1894F27}.Release|Any CPU.Build.0 = Release|Any CPU
	EndGlobalSection
	GlobalSection(SolutionProperties) = preSolution
		HideSolutionNode = FALSE
	EndGlobalSection
	GlobalSection(ExtensibilityGlobals) = postSolution
		SolutionGuid = {E86EC005-CA92-45F2-BC03-B0B37ADD0AE0}
	EndGlobalSection
EndGlobal
